// !$*UTF8*$!
{
	archiveVersion = 1;
	classes = {
	};
	objectVersion = 50;
	objects = {

/* Begin PBXBuildFile section */
		CC38665E267803EF00C2412C /* HomeItemCell.swift in Sources */ = {isa = PBXBuildFile; fileRef = CC38665C267803EF00C2412C /* HomeItemCell.swift */; };
		CC38665F267803EF00C2412C /* HomeItemCell.xib in Resources */ = {isa = PBXBuildFile; fileRef = CC38665D267803EF00C2412C /* HomeItemCell.xib */; };
		CC3866612678049F00C2412C /* ViewModelLoadable.swift in Sources */ = {isa = PBXBuildFile; fileRef = CC3866602678049F00C2412C /* ViewModelLoadable.swift */; };
		CC3866642678153300C2412C /* FeedItemViewModel.swift in Sources */ = {isa = PBXBuildFile; fileRef = CC3866632678153300C2412C /* FeedItemViewModel.swift */; };
		CCB2130D267529DC009885B3 /* AppDelegate.swift in Sources */ = {isa = PBXBuildFile; fileRef = CCB2130C267529DC009885B3 /* AppDelegate.swift */; };
		CCB21316267529E1009885B3 /* Assets.xcassets in Resources */ = {isa = PBXBuildFile; fileRef = CCB21315267529E1009885B3 /* Assets.xcassets */; };
		CCB21319267529E1009885B3 /* LaunchScreen.storyboard in Resources */ = {isa = PBXBuildFile; fileRef = CCB21317267529E1009885B3 /* LaunchScreen.storyboard */; };
		CCB21324267529E1009885B3 /* PhotoSharingAppTests.swift in Sources */ = {isa = PBXBuildFile; fileRef = CCB21323267529E1009885B3 /* PhotoSharingAppTests.swift */; };
		CCB2132F267529E1009885B3 /* PhotoSharingAppUITests.swift in Sources */ = {isa = PBXBuildFile; fileRef = CCB2132E267529E1009885B3 /* PhotoSharingAppUITests.swift */; };
		CCBC1F162675983F00349FE1 /* NetworkLayerProtocol.swift in Sources */ = {isa = PBXBuildFile; fileRef = CCBC1F152675983F00349FE1 /* NetworkLayerProtocol.swift */; };
		CCBC1F18267598C900349FE1 /* UnsplashClient.swift in Sources */ = {isa = PBXBuildFile; fileRef = CCBC1F17267598C900349FE1 /* UnsplashClient.swift */; };
		CCBC1F1C26759C9600349FE1 /* User.swift in Sources */ = {isa = PBXBuildFile; fileRef = CCBC1F1B26759C9600349FE1 /* User.swift */; };
		CCBC1F1E26759CA500349FE1 /* Photo.swift in Sources */ = {isa = PBXBuildFile; fileRef = CCBC1F1D26759CA500349FE1 /* Photo.swift */; };
		CCFB661326766DE900C675C8 /* Encoders.swift in Sources */ = {isa = PBXBuildFile; fileRef = CCFB661226766DE900C675C8 /* Encoders.swift */; };
		CCFB66162676800000C675C8 /* TabBarController.swift in Sources */ = {isa = PBXBuildFile; fileRef = CCFB66152676800000C675C8 /* TabBarController.swift */; };
		CCFB66182676804500C675C8 /* HomeViewController.swift in Sources */ = {isa = PBXBuildFile; fileRef = CCFB66172676804500C675C8 /* HomeViewController.swift */; };
		CCFB661A2676804E00C675C8 /* ProfileViewController.swift in Sources */ = {isa = PBXBuildFile; fileRef = CCFB66192676804E00C675C8 /* ProfileViewController.swift */; };
		CCFB661D2676907A00C675C8 /* HomeViewModel.swift in Sources */ = {isa = PBXBuildFile; fileRef = CCFB661C2676907A00C675C8 /* HomeViewModel.swift */; };
/* End PBXBuildFile section */

/* Begin PBXContainerItemProxy section */
		CCB21320267529E1009885B3 /* PBXContainerItemProxy */ = {
			isa = PBXContainerItemProxy;
			containerPortal = CCB21301267529DC009885B3 /* Project object */;
			proxyType = 1;
			remoteGlobalIDString = CCB21308267529DC009885B3;
			remoteInfo = PhotoSharingApp;
		};
		CCB2132B267529E1009885B3 /* PBXContainerItemProxy */ = {
			isa = PBXContainerItemProxy;
			containerPortal = CCB21301267529DC009885B3 /* Project object */;
			proxyType = 1;
			remoteGlobalIDString = CCB21308267529DC009885B3;
			remoteInfo = PhotoSharingApp;
		};
/* End PBXContainerItemProxy section */

/* Begin PBXFileReference section */
		CC38665C267803EF00C2412C /* HomeItemCell.swift */ = {isa = PBXFileReference; lastKnownFileType = sourcecode.swift; path = HomeItemCell.swift; sourceTree = "<group>"; };
		CC38665D267803EF00C2412C /* HomeItemCell.xib */ = {isa = PBXFileReference; lastKnownFileType = file.xib; path = HomeItemCell.xib; sourceTree = "<group>"; };
		CC3866602678049F00C2412C /* ViewModelLoadable.swift */ = {isa = PBXFileReference; lastKnownFileType = sourcecode.swift; path = ViewModelLoadable.swift; sourceTree = "<group>"; };
		CC3866632678153300C2412C /* FeedItemViewModel.swift */ = {isa = PBXFileReference; lastKnownFileType = sourcecode.swift; path = FeedItemViewModel.swift; sourceTree = "<group>"; };
		CCB21309267529DC009885B3 /* PhotoSharingApp.app */ = {isa = PBXFileReference; explicitFileType = wrapper.application; includeInIndex = 0; path = PhotoSharingApp.app; sourceTree = BUILT_PRODUCTS_DIR; };
		CCB2130C267529DC009885B3 /* AppDelegate.swift */ = {isa = PBXFileReference; lastKnownFileType = sourcecode.swift; path = AppDelegate.swift; sourceTree = "<group>"; };
		CCB21315267529E1009885B3 /* Assets.xcassets */ = {isa = PBXFileReference; lastKnownFileType = folder.assetcatalog; path = Assets.xcassets; sourceTree = "<group>"; };
		CCB21318267529E1009885B3 /* Base */ = {isa = PBXFileReference; lastKnownFileType = file.storyboard; name = Base; path = Base.lproj/LaunchScreen.storyboard; sourceTree = "<group>"; };
		CCB2131A267529E1009885B3 /* Info.plist */ = {isa = PBXFileReference; lastKnownFileType = text.plist.xml; path = Info.plist; sourceTree = "<group>"; };
		CCB2131F267529E1009885B3 /* PhotoSharingAppTests.xctest */ = {isa = PBXFileReference; explicitFileType = wrapper.cfbundle; includeInIndex = 0; path = PhotoSharingAppTests.xctest; sourceTree = BUILT_PRODUCTS_DIR; };
		CCB21323267529E1009885B3 /* PhotoSharingAppTests.swift */ = {isa = PBXFileReference; lastKnownFileType = sourcecode.swift; path = PhotoSharingAppTests.swift; sourceTree = "<group>"; };
		CCB21325267529E1009885B3 /* Info.plist */ = {isa = PBXFileReference; lastKnownFileType = text.plist.xml; path = Info.plist; sourceTree = "<group>"; };
		CCB2132A267529E1009885B3 /* PhotoSharingAppUITests.xctest */ = {isa = PBXFileReference; explicitFileType = wrapper.cfbundle; includeInIndex = 0; path = PhotoSharingAppUITests.xctest; sourceTree = BUILT_PRODUCTS_DIR; };
		CCB2132E267529E1009885B3 /* PhotoSharingAppUITests.swift */ = {isa = PBXFileReference; lastKnownFileType = sourcecode.swift; path = PhotoSharingAppUITests.swift; sourceTree = "<group>"; };
		CCB21330267529E1009885B3 /* Info.plist */ = {isa = PBXFileReference; lastKnownFileType = text.plist.xml; path = Info.plist; sourceTree = "<group>"; };
		CCBC1F152675983F00349FE1 /* NetworkLayerProtocol.swift */ = {isa = PBXFileReference; lastKnownFileType = sourcecode.swift; path = NetworkLayerProtocol.swift; sourceTree = "<group>"; };
		CCBC1F17267598C900349FE1 /* UnsplashClient.swift */ = {isa = PBXFileReference; lastKnownFileType = sourcecode.swift; path = UnsplashClient.swift; sourceTree = "<group>"; };
		CCBC1F1B26759C9600349FE1 /* User.swift */ = {isa = PBXFileReference; lastKnownFileType = sourcecode.swift; path = User.swift; sourceTree = "<group>"; };
		CCBC1F1D26759CA500349FE1 /* Photo.swift */ = {isa = PBXFileReference; lastKnownFileType = sourcecode.swift; path = Photo.swift; sourceTree = "<group>"; };
		CCFB661226766DE900C675C8 /* Encoders.swift */ = {isa = PBXFileReference; lastKnownFileType = sourcecode.swift; path = Encoders.swift; sourceTree = "<group>"; };
		CCFB66152676800000C675C8 /* TabBarController.swift */ = {isa = PBXFileReference; lastKnownFileType = sourcecode.swift; path = TabBarController.swift; sourceTree = "<group>"; };
		CCFB66172676804500C675C8 /* HomeViewController.swift */ = {isa = PBXFileReference; lastKnownFileType = sourcecode.swift; path = HomeViewController.swift; sourceTree = "<group>"; };
		CCFB66192676804E00C675C8 /* ProfileViewController.swift */ = {isa = PBXFileReference; lastKnownFileType = sourcecode.swift; path = ProfileViewController.swift; sourceTree = "<group>"; };
		CCFB661C2676907A00C675C8 /* HomeViewModel.swift */ = {isa = PBXFileReference; lastKnownFileType = sourcecode.swift; path = HomeViewModel.swift; sourceTree = "<group>"; };
/* End PBXFileReference section */

/* Begin PBXFrameworksBuildPhase section */
		CCB21306267529DC009885B3 /* Frameworks */ = {
			isa = PBXFrameworksBuildPhase;
			buildActionMask = 2147483647;
			files = (
			);
			runOnlyForDeploymentPostprocessing = 0;
		};
		CCB2131C267529E1009885B3 /* Frameworks */ = {
			isa = PBXFrameworksBuildPhase;
			buildActionMask = 2147483647;
			files = (
			);
			runOnlyForDeploymentPostprocessing = 0;
		};
		CCB21327267529E1009885B3 /* Frameworks */ = {
			isa = PBXFrameworksBuildPhase;
			buildActionMask = 2147483647;
			files = (
			);
			runOnlyForDeploymentPostprocessing = 0;
		};
/* End PBXFrameworksBuildPhase section */

/* Begin PBXGroup section */
		CC38665B267803D600C2412C /* Cells */ = {
			isa = PBXGroup;
			children = (
				CC38665C267803EF00C2412C /* HomeItemCell.swift */,
				CC38665D267803EF00C2412C /* HomeItemCell.xib */,
			);
			path = Cells;
			sourceTree = "<group>";
		};
		CC386662267814B500C2412C /* Protocols */ = {
			isa = PBXGroup;
			children = (
				CC3866602678049F00C2412C /* ViewModelLoadable.swift */,
			);
			path = Protocols;
			sourceTree = "<group>";
		};
		CCB21300267529DC009885B3 = {
			isa = PBXGroup;
			children = (
				CCBC1F12267560D700349FE1 /* NetworkLayer */,
				CCBC1F1A26759C8C00349FE1 /* Models */,
				CCFB661426767FF200C675C8 /* Views */,
				CCFB661B2676906000C675C8 /* ViewModels */,
				CCB2130B267529DC009885B3 /* PhotoSharingApp */,
				CCB21322267529E1009885B3 /* PhotoSharingAppTests */,
				CCB2132D267529E1009885B3 /* PhotoSharingAppUITests */,
				CCB2130A267529DC009885B3 /* Products */,
			);
			sourceTree = "<group>";
		};
		CCB2130A267529DC009885B3 /* Products */ = {
			isa = PBXGroup;
			children = (
				CCB21309267529DC009885B3 /* PhotoSharingApp.app */,
				CCB2131F267529E1009885B3 /* PhotoSharingAppTests.xctest */,
				CCB2132A267529E1009885B3 /* PhotoSharingAppUITests.xctest */,
			);
			name = Products;
			sourceTree = "<group>";
		};
		CCB2130B267529DC009885B3 /* PhotoSharingApp */ = {
			isa = PBXGroup;
			children = (
				CCB2130C267529DC009885B3 /* AppDelegate.swift */,
				CCB21315267529E1009885B3 /* Assets.xcassets */,
				CCB21317267529E1009885B3 /* LaunchScreen.storyboard */,
				CCB2131A267529E1009885B3 /* Info.plist */,
			);
			path = PhotoSharingApp;
			sourceTree = "<group>";
		};
		CCB21322267529E1009885B3 /* PhotoSharingAppTests */ = {
			isa = PBXGroup;
			children = (
				CCB21323267529E1009885B3 /* PhotoSharingAppTests.swift */,
				CCB21325267529E1009885B3 /* Info.plist */,
			);
			path = PhotoSharingAppTests;
			sourceTree = "<group>";
		};
		CCB2132D267529E1009885B3 /* PhotoSharingAppUITests */ = {
			isa = PBXGroup;
			children = (
				CCB2132E267529E1009885B3 /* PhotoSharingAppUITests.swift */,
				CCB21330267529E1009885B3 /* Info.plist */,
			);
			path = PhotoSharingAppUITests;
			sourceTree = "<group>";
		};
		CCBC1F12267560D700349FE1 /* NetworkLayer */ = {
			isa = PBXGroup;
			children = (
				CCBC1F1926759A8400349FE1 /* Protocols */,
				CCBC1F17267598C900349FE1 /* UnsplashClient.swift */,
			);
			path = NetworkLayer;
			sourceTree = "<group>";
		};
		CCBC1F1926759A8400349FE1 /* Protocols */ = {
			isa = PBXGroup;
			children = (
				CCBC1F152675983F00349FE1 /* NetworkLayerProtocol.swift */,
				CCFB661226766DE900C675C8 /* Encoders.swift */,
			);
			path = Protocols;
			sourceTree = "<group>";
		};
		CCBC1F1A26759C8C00349FE1 /* Models */ = {
			isa = PBXGroup;
			children = (
				CCBC1F1B26759C9600349FE1 /* User.swift */,
				CCBC1F1D26759CA500349FE1 /* Photo.swift */,
			);
			path = Models;
			sourceTree = "<group>";
		};
		CCFB661426767FF200C675C8 /* Views */ = {
			isa = PBXGroup;
			children = (
				CC386662267814B500C2412C /* Protocols */,
				CC38665B267803D600C2412C /* Cells */,
				CCFB66152676800000C675C8 /* TabBarController.swift */,
				CCFB66172676804500C675C8 /* HomeViewController.swift */,
				CCFB66192676804E00C675C8 /* ProfileViewController.swift */,
			);
			path = Views;
			sourceTree = "<group>";
		};
		CCFB661B2676906000C675C8 /* ViewModels */ = {
			isa = PBXGroup;
			children = (
				CCFB661C2676907A00C675C8 /* HomeViewModel.swift */,
				CC3866632678153300C2412C /* FeedItemViewModel.swift */,
			);
			path = ViewModels;
			sourceTree = "<group>";
		};
/* End PBXGroup section */

/* Begin PBXNativeTarget section */
		CCB21308267529DC009885B3 /* PhotoSharingApp */ = {
			isa = PBXNativeTarget;
			buildConfigurationList = CCB21333267529E1009885B3 /* Build configuration list for PBXNativeTarget "PhotoSharingApp" */;
			buildPhases = (
				CCB21305267529DC009885B3 /* Sources */,
				CCB21306267529DC009885B3 /* Frameworks */,
				CCB21307267529DC009885B3 /* Resources */,
			);
			buildRules = (
			);
			dependencies = (
			);
			name = PhotoSharingApp;
			productName = PhotoSharingApp;
			productReference = CCB21309267529DC009885B3 /* PhotoSharingApp.app */;
			productType = "com.apple.product-type.application";
		};
		CCB2131E267529E1009885B3 /* PhotoSharingAppTests */ = {
			isa = PBXNativeTarget;
			buildConfigurationList = CCB21336267529E1009885B3 /* Build configuration list for PBXNativeTarget "PhotoSharingAppTests" */;
			buildPhases = (
				CCB2131B267529E1009885B3 /* Sources */,
				CCB2131C267529E1009885B3 /* Frameworks */,
				CCB2131D267529E1009885B3 /* Resources */,
			);
			buildRules = (
			);
			dependencies = (
				CCB21321267529E1009885B3 /* PBXTargetDependency */,
			);
			name = PhotoSharingAppTests;
			productName = PhotoSharingAppTests;
			productReference = CCB2131F267529E1009885B3 /* PhotoSharingAppTests.xctest */;
			productType = "com.apple.product-type.bundle.unit-test";
		};
		CCB21329267529E1009885B3 /* PhotoSharingAppUITests */ = {
			isa = PBXNativeTarget;
			buildConfigurationList = CCB21339267529E1009885B3 /* Build configuration list for PBXNativeTarget "PhotoSharingAppUITests" */;
			buildPhases = (
				CCB21326267529E1009885B3 /* Sources */,
				CCB21327267529E1009885B3 /* Frameworks */,
				CCB21328267529E1009885B3 /* Resources */,
			);
			buildRules = (
			);
			dependencies = (
				CCB2132C267529E1009885B3 /* PBXTargetDependency */,
			);
			name = PhotoSharingAppUITests;
			productName = PhotoSharingAppUITests;
			productReference = CCB2132A267529E1009885B3 /* PhotoSharingAppUITests.xctest */;
			productType = "com.apple.product-type.bundle.ui-testing";
		};
/* End PBXNativeTarget section */

/* Begin PBXProject section */
		CCB21301267529DC009885B3 /* Project object */ = {
			isa = PBXProject;
			attributes = {
				LastSwiftUpdateCheck = 1250;
				LastUpgradeCheck = 1250;
				TargetAttributes = {
					CCB21308267529DC009885B3 = {
						CreatedOnToolsVersion = 12.5;
					};
					CCB2131E267529E1009885B3 = {
						CreatedOnToolsVersion = 12.5;
						TestTargetID = CCB21308267529DC009885B3;
					};
					CCB21329267529E1009885B3 = {
						CreatedOnToolsVersion = 12.5;
						TestTargetID = CCB21308267529DC009885B3;
					};
				};
			};
			buildConfigurationList = CCB21304267529DC009885B3 /* Build configuration list for PBXProject "PhotoSharingApp" */;
			compatibilityVersion = "Xcode 9.3";
			developmentRegion = en;
			hasScannedForEncodings = 0;
			knownRegions = (
				en,
				Base,
			);
			mainGroup = CCB21300267529DC009885B3;
			productRefGroup = CCB2130A267529DC009885B3 /* Products */;
			projectDirPath = "";
			projectRoot = "";
			targets = (
				CCB21308267529DC009885B3 /* PhotoSharingApp */,
				CCB2131E267529E1009885B3 /* PhotoSharingAppTests */,
				CCB21329267529E1009885B3 /* PhotoSharingAppUITests */,
			);
		};
/* End PBXProject section */

/* Begin PBXResourcesBuildPhase section */
		CCB21307267529DC009885B3 /* Resources */ = {
			isa = PBXResourcesBuildPhase;
			buildActionMask = 2147483647;
			files = (
				CC38665F267803EF00C2412C /* HomeItemCell.xib in Resources */,
				CCB21319267529E1009885B3 /* LaunchScreen.storyboard in Resources */,
				CCB21316267529E1009885B3 /* Assets.xcassets in Resources */,
			);
			runOnlyForDeploymentPostprocessing = 0;
		};
		CCB2131D267529E1009885B3 /* Resources */ = {
			isa = PBXResourcesBuildPhase;
			buildActionMask = 2147483647;
			files = (
			);
			runOnlyForDeploymentPostprocessing = 0;
		};
		CCB21328267529E1009885B3 /* Resources */ = {
			isa = PBXResourcesBuildPhase;
			buildActionMask = 2147483647;
			files = (
			);
			runOnlyForDeploymentPostprocessing = 0;
		};
/* End PBXResourcesBuildPhase section */

/* Begin PBXSourcesBuildPhase section */
		CCB21305267529DC009885B3 /* Sources */ = {
			isa = PBXSourcesBuildPhase;
			buildActionMask = 2147483647;
			files = (
				CCBC1F1E26759CA500349FE1 /* Photo.swift in Sources */,
				CC3866642678153300C2412C /* FeedItemViewModel.swift in Sources */,
				CCBC1F18267598C900349FE1 /* UnsplashClient.swift in Sources */,
				CCBC1F162675983F00349FE1 /* NetworkLayerProtocol.swift in Sources */,
				CCFB661D2676907A00C675C8 /* HomeViewModel.swift in Sources */,
				CCFB66182676804500C675C8 /* HomeViewController.swift in Sources */,
				CCBC1F1C26759C9600349FE1 /* User.swift in Sources */,
				CC3866612678049F00C2412C /* ViewModelLoadable.swift in Sources */,
				CCFB66162676800000C675C8 /* TabBarController.swift in Sources */,
				CCFB661A2676804E00C675C8 /* ProfileViewController.swift in Sources */,
				CC38665E267803EF00C2412C /* HomeItemCell.swift in Sources */,
				CCFB661326766DE900C675C8 /* Encoders.swift in Sources */,
				CCB2130D267529DC009885B3 /* AppDelegate.swift in Sources */,
			);
			runOnlyForDeploymentPostprocessing = 0;
		};
		CCB2131B267529E1009885B3 /* Sources */ = {
			isa = PBXSourcesBuildPhase;
			buildActionMask = 2147483647;
			files = (
				CCB21324267529E1009885B3 /* PhotoSharingAppTests.swift in Sources */,
			);
			runOnlyForDeploymentPostprocessing = 0;
		};
		CCB21326267529E1009885B3 /* Sources */ = {
			isa = PBXSourcesBuildPhase;
			buildActionMask = 2147483647;
			files = (
				CCB2132F267529E1009885B3 /* PhotoSharingAppUITests.swift in Sources */,
			);
			runOnlyForDeploymentPostprocessing = 0;
		};
/* End PBXSourcesBuildPhase section */

/* Begin PBXTargetDependency section */
		CCB21321267529E1009885B3 /* PBXTargetDependency */ = {
			isa = PBXTargetDependency;
			target = CCB21308267529DC009885B3 /* PhotoSharingApp */;
			targetProxy = CCB21320267529E1009885B3 /* PBXContainerItemProxy */;
		};
		CCB2132C267529E1009885B3 /* PBXTargetDependency */ = {
			isa = PBXTargetDependency;
			target = CCB21308267529DC009885B3 /* PhotoSharingApp */;
			targetProxy = CCB2132B267529E1009885B3 /* PBXContainerItemProxy */;
		};
/* End PBXTargetDependency section */

/* Begin PBXVariantGroup section */
		CCB21317267529E1009885B3 /* LaunchScreen.storyboard */ = {
			isa = PBXVariantGroup;
			children = (
				CCB21318267529E1009885B3 /* Base */,
			);
			name = LaunchScreen.storyboard;
			sourceTree = "<group>";
		};
/* End PBXVariantGroup section */

/* Begin XCBuildConfiguration section */
		CCB21331267529E1009885B3 /* Debug */ = {
			isa = XCBuildConfiguration;
			buildSettings = {
				ALWAYS_SEARCH_USER_PATHS = NO;
				CLANG_ANALYZER_NONNULL = YES;
				CLANG_ANALYZER_NUMBER_OBJECT_CONVERSION = YES_AGGRESSIVE;
				CLANG_CXX_LANGUAGE_STANDARD = "gnu++14";
				CLANG_CXX_LIBRARY = "libc++";
				CLANG_ENABLE_MODULES = YES;
				CLANG_ENABLE_OBJC_ARC = YES;
				CLANG_ENABLE_OBJC_WEAK = YES;
				CLANG_WARN_BLOCK_CAPTURE_AUTORELEASING = YES;
				CLANG_WARN_BOOL_CONVERSION = YES;
				CLANG_WARN_COMMA = YES;
				CLANG_WARN_CONSTANT_CONVERSION = YES;
				CLANG_WARN_DEPRECATED_OBJC_IMPLEMENTATIONS = YES;
				CLANG_WARN_DIRECT_OBJC_ISA_USAGE = YES_ERROR;
				CLANG_WARN_DOCUMENTATION_COMMENTS = YES;
				CLANG_WARN_EMPTY_BODY = YES;
				CLANG_WARN_ENUM_CONVERSION = YES;
				CLANG_WARN_INFINITE_RECURSION = YES;
				CLANG_WARN_INT_CONVERSION = YES;
				CLANG_WARN_NON_LITERAL_NULL_CONVERSION = YES;
				CLANG_WARN_OBJC_IMPLICIT_RETAIN_SELF = YES;
				CLANG_WARN_OBJC_LITERAL_CONVERSION = YES;
				CLANG_WARN_OBJC_ROOT_CLASS = YES_ERROR;
				CLANG_WARN_QUOTED_INCLUDE_IN_FRAMEWORK_HEADER = YES;
				CLANG_WARN_RANGE_LOOP_ANALYSIS = YES;
				CLANG_WARN_STRICT_PROTOTYPES = YES;
				CLANG_WARN_SUSPICIOUS_MOVE = YES;
				CLANG_WARN_UNGUARDED_AVAILABILITY = YES_AGGRESSIVE;
				CLANG_WARN_UNREACHABLE_CODE = YES;
				CLANG_WARN__DUPLICATE_METHOD_MATCH = YES;
				COPY_PHASE_STRIP = NO;
				DEBUG_INFORMATION_FORMAT = dwarf;
				ENABLE_STRICT_OBJC_MSGSEND = YES;
				ENABLE_TESTABILITY = YES;
				GCC_C_LANGUAGE_STANDARD = gnu11;
				GCC_DYNAMIC_NO_PIC = NO;
				GCC_NO_COMMON_BLOCKS = YES;
				GCC_OPTIMIZATION_LEVEL = 0;
				GCC_PREPROCESSOR_DEFINITIONS = (
					"DEBUG=1",
					"$(inherited)",
				);
				GCC_WARN_64_TO_32_BIT_CONVERSION = YES;
				GCC_WARN_ABOUT_RETURN_TYPE = YES_ERROR;
				GCC_WARN_UNDECLARED_SELECTOR = YES;
				GCC_WARN_UNINITIALIZED_AUTOS = YES_AGGRESSIVE;
				GCC_WARN_UNUSED_FUNCTION = YES;
				GCC_WARN_UNUSED_VARIABLE = YES;
				IPHONEOS_DEPLOYMENT_TARGET = 14.5;
				MTL_ENABLE_DEBUG_INFO = INCLUDE_SOURCE;
				MTL_FAST_MATH = YES;
				ONLY_ACTIVE_ARCH = YES;
				SDKROOT = iphoneos;
				SWIFT_ACTIVE_COMPILATION_CONDITIONS = DEBUG;
				SWIFT_OPTIMIZATION_LEVEL = "-Onone";
			};
			name = Debug;
		};
		CCB21332267529E1009885B3 /* Release */ = {
			isa = XCBuildConfiguration;
			buildSettings = {
				ALWAYS_SEARCH_USER_PATHS = NO;
				CLANG_ANALYZER_NONNULL = YES;
				CLANG_ANALYZER_NUMBER_OBJECT_CONVERSION = YES_AGGRESSIVE;
				CLANG_CXX_LANGUAGE_STANDARD = "gnu++14";
				CLANG_CXX_LIBRARY = "libc++";
				CLANG_ENABLE_MODULES = YES;
				CLANG_ENABLE_OBJC_ARC = YES;
				CLANG_ENABLE_OBJC_WEAK = YES;
				CLANG_WARN_BLOCK_CAPTURE_AUTORELEASING = YES;
				CLANG_WARN_BOOL_CONVERSION = YES;
				CLANG_WARN_COMMA = YES;
				CLANG_WARN_CONSTANT_CONVERSION = YES;
				CLANG_WARN_DEPRECATED_OBJC_IMPLEMENTATIONS = YES;
				CLANG_WARN_DIRECT_OBJC_ISA_USAGE = YES_ERROR;
				CLANG_WARN_DOCUMENTATION_COMMENTS = YES;
				CLANG_WARN_EMPTY_BODY = YES;
				CLANG_WARN_ENUM_CONVERSION = YES;
				CLANG_WARN_INFINITE_RECURSION = YES;
				CLANG_WARN_INT_CONVERSION = YES;
				CLANG_WARN_NON_LITERAL_NULL_CONVERSION = YES;
				CLANG_WARN_OBJC_IMPLICIT_RETAIN_SELF = YES;
				CLANG_WARN_OBJC_LITERAL_CONVERSION = YES;
				CLANG_WARN_OBJC_ROOT_CLASS = YES_ERROR;
				CLANG_WARN_QUOTED_INCLUDE_IN_FRAMEWORK_HEADER = YES;
				CLANG_WARN_RANGE_LOOP_ANALYSIS = YES;
				CLANG_WARN_STRICT_PROTOTYPES = YES;
				CLANG_WARN_SUSPICIOUS_MOVE = YES;
				CLANG_WARN_UNGUARDED_AVAILABILITY = YES_AGGRESSIVE;
				CLANG_WARN_UNREACHABLE_CODE = YES;
				CLANG_WARN__DUPLICATE_METHOD_MATCH = YES;
				COPY_PHASE_STRIP = NO;
				DEBUG_INFORMATION_FORMAT = "dwarf-with-dsym";
				ENABLE_NS_ASSERTIONS = NO;
				ENABLE_STRICT_OBJC_MSGSEND = YES;
				GCC_C_LANGUAGE_STANDARD = gnu11;
				GCC_NO_COMMON_BLOCKS = YES;
				GCC_WARN_64_TO_32_BIT_CONVERSION = YES;
				GCC_WARN_ABOUT_RETURN_TYPE = YES_ERROR;
				GCC_WARN_UNDECLARED_SELECTOR = YES;
				GCC_WARN_UNINITIALIZED_AUTOS = YES_AGGRESSIVE;
				GCC_WARN_UNUSED_FUNCTION = YES;
				GCC_WARN_UNUSED_VARIABLE = YES;
				IPHONEOS_DEPLOYMENT_TARGET = 14.5;
				MTL_ENABLE_DEBUG_INFO = NO;
				MTL_FAST_MATH = YES;
				SDKROOT = iphoneos;
				SWIFT_COMPILATION_MODE = wholemodule;
				SWIFT_OPTIMIZATION_LEVEL = "-O";
				VALIDATE_PRODUCT = YES;
			};
			name = Release;
		};
		CCB21334267529E1009885B3 /* Debug */ = {
			isa = XCBuildConfiguration;
			buildSettings = {
				ASSETCATALOG_COMPILER_APPICON_NAME = AppIcon;
				ASSETCATALOG_COMPILER_GLOBAL_ACCENT_COLOR_NAME = AccentColor;
				CODE_SIGN_STYLE = Automatic;
				DEVELOPMENT_TEAM = GQGZN6D9K9;
				INFOPLIST_FILE = PhotoSharingApp/Info.plist;
				LD_RUNPATH_SEARCH_PATHS = (
					"$(inherited)",
					"@executable_path/Frameworks",
				);
				PRODUCT_BUNDLE_IDENTIFIER = me.nesslab.com.PhotoSharingApp;
				PRODUCT_NAME = "$(TARGET_NAME)";
				SWIFT_VERSION = 5.0;
				TARGETED_DEVICE_FAMILY = "1,2";
			};
			name = Debug;
		};
		CCB21335267529E1009885B3 /* Release */ = {
			isa = XCBuildConfiguration;
			buildSettings = {
				ASSETCATALOG_COMPILER_APPICON_NAME = AppIcon;
				ASSETCATALOG_COMPILER_GLOBAL_ACCENT_COLOR_NAME = AccentColor;
				CODE_SIGN_STYLE = Automatic;
				DEVELOPMENT_TEAM = GQGZN6D9K9;
				INFOPLIST_FILE = PhotoSharingApp/Info.plist;
				LD_RUNPATH_SEARCH_PATHS = (
					"$(inherited)",
					"@executable_path/Frameworks",
				);
				PRODUCT_BUNDLE_IDENTIFIER = me.nesslab.com.PhotoSharingApp;
				PRODUCT_NAME = "$(TARGET_NAME)";
				SWIFT_VERSION = 5.0;
				TARGETED_DEVICE_FAMILY = "1,2";
			};
			name = Release;
		};
		CCB21337267529E1009885B3 /* Debug */ = {
			isa = XCBuildConfiguration;
			buildSettings = {
				ALWAYS_EMBED_SWIFT_STANDARD_LIBRARIES = YES;
				BUNDLE_LOADER = "$(TEST_HOST)";
				CODE_SIGN_STYLE = Automatic;
				DEVELOPMENT_TEAM = GQGZN6D9K9;
				INFOPLIST_FILE = PhotoSharingAppTests/Info.plist;
				IPHONEOS_DEPLOYMENT_TARGET = 14.5;
				LD_RUNPATH_SEARCH_PATHS = (
					"$(inherited)",
					"@executable_path/Frameworks",
					"@loader_path/Frameworks",
				);
				PRODUCT_BUNDLE_IDENTIFIER = me.nesslab.com.PhotoSharingAppTests;
				PRODUCT_NAME = "$(TARGET_NAME)";
				SWIFT_VERSION = 5.0;
				TARGETED_DEVICE_FAMILY = "1,2";
				TEST_HOST = "$(BUILT_PRODUCTS_DIR)/PhotoSharingApp.app/PhotoSharingApp";
			};
			name = Debug;
		};
		CCB21338267529E1009885B3 /* Release */ = {
			isa = XCBuildConfiguration;
			buildSettings = {
				ALWAYS_EMBED_SWIFT_STANDARD_LIBRARIES = YES;
				BUNDLE_LOADER = "$(TEST_HOST)";
				CODE_SIGN_STYLE = Automatic;
				DEVELOPMENT_TEAM = GQGZN6D9K9;
				INFOPLIST_FILE = PhotoSharingAppTests/Info.plist;
				IPHONEOS_DEPLOYMENT_TARGET = 14.5;
				LD_RUNPATH_SEARCH_PATHS = (
					"$(inherited)",
					"@executable_path/Frameworks",
					"@loader_path/Frameworks",
				);
				PRODUCT_BUNDLE_IDENTIFIER = me.nesslab.com.PhotoSharingAppTests;
				PRODUCT_NAME = "$(TARGET_NAME)";
				SWIFT_VERSION = 5.0;
				TARGETED_DEVICE_FAMILY = "1,2";
				TEST_HOST = "$(BUILT_PRODUCTS_DIR)/PhotoSharingApp.app/PhotoSharingApp";
			};
			name = Release;
		};
		CCB2133A267529E1009885B3 /* Debug */ = {
			isa = XCBuildConfiguration;
			buildSettings = {
				ALWAYS_EMBED_SWIFT_STANDARD_LIBRARIES = YES;
				CODE_SIGN_STYLE = Automatic;
				DEVELOPMENT_TEAM = GQGZN6D9K9;
				INFOPLIST_FILE = PhotoSharingAppUITests/Info.plist;
				LD_RUNPATH_SEARCH_PATHS = (
					"$(inherited)",
					"@executable_path/Frameworks",
					"@loader_path/Frameworks",
				);
				PRODUCT_BUNDLE_IDENTIFIER = me.nesslab.com.PhotoSharingAppUITests;
				PRODUCT_NAME = "$(TARGET_NAME)";
				SWIFT_VERSION = 5.0;
				TARGETED_DEVICE_FAMILY = "1,2";
				TEST_TARGET_NAME = PhotoSharingApp;
			};
			name = Debug;
		};
		CCB2133B267529E1009885B3 /* Release */ = {
			isa = XCBuildConfiguration;
			buildSettings = {
				ALWAYS_EMBED_SWIFT_STANDARD_LIBRARIES = YES;
				CODE_SIGN_STYLE = Automatic;
				DEVELOPMENT_TEAM = GQGZN6D9K9;
				INFOPLIST_FILE = PhotoSharingAppUITests/Info.plist;
				LD_RUNPATH_SEARCH_PATHS = (
					"$(inherited)",
					"@executable_path/Frameworks",
					"@loader_path/Frameworks",
				);
				PRODUCT_BUNDLE_IDENTIFIER = me.nesslab.com.PhotoSharingAppUITests;
				PRODUCT_NAME = "$(TARGET_NAME)";
				SWIFT_VERSION = 5.0;
				TARGETED_DEVICE_FAMILY = "1,2";
				TEST_TARGET_NAME = PhotoSharingApp;
			};
			name = Release;
		};
/* End XCBuildConfiguration section */

/* Begin XCConfigurationList section */
		CCB21304267529DC009885B3 /* Build configuration list for PBXProject "PhotoSharingApp" */ = {
			isa = XCConfigurationList;
			buildConfigurations = (
				CCB21331267529E1009885B3 /* Debug */,
				CCB21332267529E1009885B3 /* Release */,
			);
			defaultConfigurationIsVisible = 0;
			defaultConfigurationName = Release;
		};
		CCB21333267529E1009885B3 /* Build configuration list for PBXNativeTarget "PhotoSharingApp" */ = {
			isa = XCConfigurationList;
			buildConfigurations = (
				CCB21334267529E1009885B3 /* Debug */,
				CCB21335267529E1009885B3 /* Release */,
			);
			defaultConfigurationIsVisible = 0;
			defaultConfigurationName = Release;
		};
		CCB21336267529E1009885B3 /* Build configuration list for PBXNativeTarget "PhotoSharingAppTests" */ = {
			isa = XCConfigurationList;
			buildConfigurations = (
				CCB21337267529E1009885B3 /* Debug */,
				CCB21338267529E1009885B3 /* Release */,
			);
			defaultConfigurationIsVisible = 0;
			defaultConfigurationName = Release;
		};
		CCB21339267529E1009885B3 /* Build configuration list for PBXNativeTarget "PhotoSharingAppUITests" */ = {
			isa = XCConfigurationList;
			buildConfigurations = (
				CCB2133A267529E1009885B3 /* Debug */,
				CCB2133B267529E1009885B3 /* Release */,
			);
			defaultConfigurationIsVisible = 0;
			defaultConfigurationName = Release;
		};
/* End XCConfigurationList section */
	};
	rootObject = CCB21301267529DC009885B3 /* Project object */;
}
